# THIS IS AN AUTOGENERATED FILE. DO NOT EDIT THIS FILE DIRECTLY.
# yarn lockfile v1


"@types/jquery@*", "@types/jquery@>=2.0.48":
  version "3.3.31"
  resolved "https://registry.yarnpkg.com/@types/jquery/-/jquery-3.3.31.tgz#27c706e4bf488474e1cb54a71d8303f37c93451b"
  integrity sha512-Lz4BAJihoFw5nRzKvg4nawXPzutkv7wmfQ5121avptaSIXlDNJCUuxZxX/G+9EVidZGuO0UBlk+YjKbwRKJigg==
  dependencies:
    "@types/sizzle" "*"

"@types/jqueryui@>=1.11.34":
  version "1.12.9"
  resolved "https://registry.yarnpkg.com/@types/jqueryui/-/jqueryui-1.12.9.tgz#baf71bc6a195fa171fc4e389134b8c293698174d"
  integrity sha512-bHE7BiG+5Sviy/eA9Npz5HHF3hv40XjaEbpYtSJPaNwuyxhSJ0qWlE8C5DgNMfobVOZ2aSTrM1iGDCGmvlbxOg==
  dependencies:
    "@types/jquery" "*"

"@types/knockout@^3.4.49":
  version "3.4.66"
  resolved "https://registry.yarnpkg.com/@types/knockout/-/knockout-3.4.66.tgz#9dcede87f6f1da3f0128ee495023af2521271572"
  integrity sha512-UNmyr4mM/y/AvQ6eQmd9v+9/QDZUxiudFb6U/sqIvKlQtAiUO5RM52YRP88CQzYOztxWw0t1feeFIKN3R4Q2Ow==

"@types/mousetrap@~1.5.34":
  version "1.5.34"
  resolved "https://registry.yarnpkg.com/@types/mousetrap/-/mousetrap-1.5.34.tgz#22b338d9c4bcdfd8f81c30684aefeb04a4727168"
  integrity sha512-a2yhRIADupQfOFM75v7GfcQQLUxU705+i/xcZ3N/3PK3Xdo31SUfuCUByWPGOHB1e38m7MxTx/D8FPVsJXZKJw==

"@types/q@0.0.32":
  version "0.0.32"
  resolved "https://registry.yarnpkg.com/@types/q/-/q-0.0.32.tgz#bd284e57c84f1325da702babfc82a5328190c0c5"
  integrity sha1-vShOV8hPEyXacCur/IKlMoGQwMU=

"@types/react@^15.6.12":
  version "15.6.28"
  resolved "https://registry.yarnpkg.com/@types/react/-/react-15.6.28.tgz#fd1e2116828c1b229b3354b6557af9828435bb2b"
  integrity sha512-xqkECNDgjbHK2Ak99XRaK07pBq8jpbnpxfY8MNSaSbQxzksX782ALRuU6J9zjKI5PmJdRTYOLfa4KjnJYxmHfw==

"@types/requirejs@>=2.1.28":
  version "2.1.31"
  resolved "https://registry.yarnpkg.com/@types/requirejs/-/requirejs-2.1.31.tgz#a24eaa0ee4f6b84feb8f521ca6550d48490b2bc6"
  integrity sha512-b2soeyuU76rMbcRJ4e0hEl0tbMhFwZeTC0VZnfuWlfGlk6BwWNsev6kFu/twKABPX29wkX84wU2o+cEJoXsiTw==

"@types/sizzle@*":
  version "2.3.2"
  resolved "https://registry.yarnpkg.com/@types/sizzle/-/sizzle-2.3.2.tgz#a811b8c18e2babab7d542b3365887ae2e4d9de47"
  integrity sha512-7EJYyKTL7tFR8+gDbB6Wwz/arpGa0Mywk1TJbNzKzHtzbwVmY4HR9WqS5VV7dsBUKQmPNr192jHr/VpBluj/hg==

vss-web-extension-sdk@^5.141.0:
  version "5.141.0"
  resolved "https://registry.yarnpkg.com/vss-web-extension-sdk/-/vss-web-extension-sdk-5.141.0.tgz#368b6fcaf5e7ab849f4fb98689b6694d78224ccf"
  integrity sha512-c/r/HWQh4hljKOSNQMiFoeICckKFfU/1nxDCVFhioDHOE8B0i5aJN9rrihGilgMXugzl8K5hBsZs42eFqd30AQ==
  dependencies:
    "@types/jquery" ">=2.0.48"
    "@types/jqueryui" ">=1.11.34"
    "@types/knockout" "^3.4.49"
    "@types/mousetrap" "~1.5.34"
    "@types/q" "0.0.32"
    "@types/react" "^15.6.12"
    "@types/requirejs" ">=2.1.28"
